
Microsoft Visual Studio Solution File, Format Version 12.00
# Visual Studio 2012
Project("{FAE04EC0-301F-11D3-BF4B-00C04F79EFBC}") = "Tuple.Infra.Log", "Tuple.Infra.Log\Tuple.Infra.Log.csproj", "{81A01D2E-D081-4DC7-8C12-68A4C9EDB26B}"
EndProject
Project("{FAE04EC0-301F-11D3-BF4B-00C04F79EFBC}") = "HelloWorld", "HelloWorld\HelloWorld.csproj", "{71E2BFFB-3532-4570-8E1A-E3DB062CCFD4}"
EndProject
Project("{FAE04EC0-301F-11D3-BF4B-00C04F79EFBC}") = "Tuple.Logic.Interfaces", "Tuple.Logic.Interfaces\Tuple.Logic.Interfaces.csproj", "{1214B032-DC3E-484B-9E84-7F21742FCF5C}"
EndProject
Project("{FAE04EC0-301F-11D3-BF4B-00C04F79EFBC}") = "Tuple.Logic.Common", "Tuple.Logic.Common\Tuple.Logic.Common.csproj", "{CDAA353D-06B5-475F-B2D9-47173A220A26}"
EndProject
Project("{FAE04EC0-301F-11D3-BF4B-00C04F79EFBC}") = "Tuple.Logic.Mock", "Tuple.Logic.Mock\Tuple.Logic.Mock.csproj", "{338153B2-912E-4336-817C-AA19821E7166}"
EndProject
Project("{FAE04EC0-301F-11D3-BF4B-00C04F79EFBC}") = "Tuple.UI.Split", "Tuple.UI.Split\Tuple.UI.Split.csproj", "{C9E2AEF0-F136-4598-9503-A502BBF4EA51}"
EndProject
Global
	GlobalSection(SolutionConfigurationPlatforms) = preSolution
		Debug|Any CPU = Debug|Any CPU
		Debug|ARM = Debug|ARM
		Debug|x64 = Debug|x64
		Debug|x86 = Debug|x86
		Release|Any CPU = Release|Any CPU
		Release|ARM = Release|ARM
		Release|x64 = Release|x64
		Release|x86 = Release|x86
	EndGlobalSection
	GlobalSection(ProjectConfigurationPlatforms) = postSolution
		{81A01D2E-D081-4DC7-8C12-68A4C9EDB26B}.Debug|Any CPU.ActiveCfg = Debug|Any CPU
		{81A01D2E-D081-4DC7-8C12-68A4C9EDB26B}.Debug|Any CPU.Build.0 = Debug|Any CPU
		{81A01D2E-D081-4DC7-8C12-68A4C9EDB26B}.Debug|ARM.ActiveCfg = Debug|ARM
		{81A01D2E-D081-4DC7-8C12-68A4C9EDB26B}.Debug|ARM.Build.0 = Debug|ARM
		{81A01D2E-D081-4DC7-8C12-68A4C9EDB26B}.Debug|x64.ActiveCfg = Debug|x64
		{81A01D2E-D081-4DC7-8C12-68A4C9EDB26B}.Debug|x64.Build.0 = Debug|x64
		{81A01D2E-D081-4DC7-8C12-68A4C9EDB26B}.Debug|x86.ActiveCfg = Debug|x86
		{81A01D2E-D081-4DC7-8C12-68A4C9EDB26B}.Debug|x86.Build.0 = Debug|x86
		{81A01D2E-D081-4DC7-8C12-68A4C9EDB26B}.Release|Any CPU.ActiveCfg = Release|Any CPU
		{81A01D2E-D081-4DC7-8C12-68A4C9EDB26B}.Release|Any CPU.Build.0 = Release|Any CPU
		{81A01D2E-D081-4DC7-8C12-68A4C9EDB26B}.Release|ARM.ActiveCfg = Release|ARM
		{81A01D2E-D081-4DC7-8C12-68A4C9EDB26B}.Release|ARM.Build.0 = Release|ARM
		{81A01D2E-D081-4DC7-8C12-68A4C9EDB26B}.Release|x64.ActiveCfg = Release|x64
		{81A01D2E-D081-4DC7-8C12-68A4C9EDB26B}.Release|x64.Build.0 = Release|x64
		{81A01D2E-D081-4DC7-8C12-68A4C9EDB26B}.Release|x86.ActiveCfg = Release|x86
		{81A01D2E-D081-4DC7-8C12-68A4C9EDB26B}.Release|x86.Build.0 = Release|x86
		{71E2BFFB-3532-4570-8E1A-E3DB062CCFD4}.Debug|Any CPU.ActiveCfg = Debug|Any CPU
		{71E2BFFB-3532-4570-8E1A-E3DB062CCFD4}.Debug|Any CPU.Build.0 = Debug|Any CPU
		{71E2BFFB-3532-4570-8E1A-E3DB062CCFD4}.Debug|Any CPU.Deploy.0 = Debug|Any CPU
		{71E2BFFB-3532-4570-8E1A-E3DB062CCFD4}.Debug|ARM.ActiveCfg = Debug|ARM
		{71E2BFFB-3532-4570-8E1A-E3DB062CCFD4}.Debug|ARM.Build.0 = Debug|ARM
		{71E2BFFB-3532-4570-8E1A-E3DB062CCFD4}.Debug|ARM.Deploy.0 = Debug|ARM
		{71E2BFFB-3532-4570-8E1A-E3DB062CCFD4}.Debug|x64.ActiveCfg = Debug|x64
		{71E2BFFB-3532-4570-8E1A-E3DB062CCFD4}.Debug|x64.Build.0 = Debug|x64
		{71E2BFFB-3532-4570-8E1A-E3DB062CCFD4}.Debug|x64.Deploy.0 = Debug|x64
		{71E2BFFB-3532-4570-8E1A-E3DB062CCFD4}.Debug|x86.ActiveCfg = Debug|x86
		{71E2BFFB-3532-4570-8E1A-E3DB062CCFD4}.Debug|x86.Build.0 = Debug|x86
		{71E2BFFB-3532-4570-8E1A-E3DB062CCFD4}.Debug|x86.Deploy.0 = Debug|x86
		{71E2BFFB-3532-4570-8E1A-E3DB062CCFD4}.Release|Any CPU.ActiveCfg = Release|Any CPU
		{71E2BFFB-3532-4570-8E1A-E3DB062CCFD4}.Release|Any CPU.Build.0 = Release|Any CPU
		{71E2BFFB-3532-4570-8E1A-E3DB062CCFD4}.Release|Any CPU.Deploy.0 = Release|Any CPU
		{71E2BFFB-3532-4570-8E1A-E3DB062CCFD4}.Release|ARM.ActiveCfg = Release|ARM
		{71E2BFFB-3532-4570-8E1A-E3DB062CCFD4}.Release|ARM.Build.0 = Release|ARM
		{71E2BFFB-3532-4570-8E1A-E3DB062CCFD4}.Release|ARM.Deploy.0 = Release|ARM
		{71E2BFFB-3532-4570-8E1A-E3DB062CCFD4}.Release|x64.ActiveCfg = Release|x64
		{71E2BFFB-3532-4570-8E1A-E3DB062CCFD4}.Release|x64.Build.0 = Release|x64
		{71E2BFFB-3532-4570-8E1A-E3DB062CCFD4}.Release|x64.Deploy.0 = Release|x64
		{71E2BFFB-3532-4570-8E1A-E3DB062CCFD4}.Release|x86.ActiveCfg = Release|x86
		{71E2BFFB-3532-4570-8E1A-E3DB062CCFD4}.Release|x86.Build.0 = Release|x86
		{71E2BFFB-3532-4570-8E1A-E3DB062CCFD4}.Release|x86.Deploy.0 = Release|x86
		{1214B032-DC3E-484B-9E84-7F21742FCF5C}.Debug|Any CPU.ActiveCfg = Debug|Any CPU
		{1214B032-DC3E-484B-9E84-7F21742FCF5C}.Debug|Any CPU.Build.0 = Debug|Any CPU
		{1214B032-DC3E-484B-9E84-7F21742FCF5C}.Debug|ARM.ActiveCfg = Debug|ARM
		{1214B032-DC3E-484B-9E84-7F21742FCF5C}.Debug|ARM.Build.0 = Debug|ARM
		{1214B032-DC3E-484B-9E84-7F21742FCF5C}.Debug|x64.ActiveCfg = Debug|x64
		{1214B032-DC3E-484B-9E84-7F21742FCF5C}.Debug|x64.Build.0 = Debug|x64
		{1214B032-DC3E-484B-9E84-7F21742FCF5C}.Debug|x86.ActiveCfg = Debug|x86
		{1214B032-DC3E-484B-9E84-7F21742FCF5C}.Debug|x86.Build.0 = Debug|x86
		{1214B032-DC3E-484B-9E84-7F21742FCF5C}.Release|Any CPU.ActiveCfg = Release|Any CPU
		{1214B032-DC3E-484B-9E84-7F21742FCF5C}.Release|Any CPU.Build.0 = Release|Any CPU
		{1214B032-DC3E-484B-9E84-7F21742FCF5C}.Release|ARM.ActiveCfg = Release|ARM
		{1214B032-DC3E-484B-9E84-7F21742FCF5C}.Release|ARM.Build.0 = Release|ARM
		{1214B032-DC3E-484B-9E84-7F21742FCF5C}.Release|x64.ActiveCfg = Release|x64
		{1214B032-DC3E-484B-9E84-7F21742FCF5C}.Release|x64.Build.0 = Release|x64
		{1214B032-DC3E-484B-9E84-7F21742FCF5C}.Release|x86.ActiveCfg = Release|x86
		{1214B032-DC3E-484B-9E84-7F21742FCF5C}.Release|x86.Build.0 = Release|x86
		{CDAA353D-06B5-475F-B2D9-47173A220A26}.Debug|Any CPU.ActiveCfg = Debug|Any CPU
		{CDAA353D-06B5-475F-B2D9-47173A220A26}.Debug|Any CPU.Build.0 = Debug|Any CPU
		{CDAA353D-06B5-475F-B2D9-47173A220A26}.Debug|ARM.ActiveCfg = Debug|ARM
		{CDAA353D-06B5-475F-B2D9-47173A220A26}.Debug|ARM.Build.0 = Debug|ARM
		{CDAA353D-06B5-475F-B2D9-47173A220A26}.Debug|x64.ActiveCfg = Debug|x64
		{CDAA353D-06B5-475F-B2D9-47173A220A26}.Debug|x64.Build.0 = Debug|x64
		{CDAA353D-06B5-475F-B2D9-47173A220A26}.Debug|x86.ActiveCfg = Debug|x86
		{CDAA353D-06B5-475F-B2D9-47173A220A26}.Debug|x86.Build.0 = Debug|x86
		{CDAA353D-06B5-475F-B2D9-47173A220A26}.Release|Any CPU.ActiveCfg = Release|Any CPU
		{CDAA353D-06B5-475F-B2D9-47173A220A26}.Release|Any CPU.Build.0 = Release|Any CPU
		{CDAA353D-06B5-475F-B2D9-47173A220A26}.Release|ARM.ActiveCfg = Release|ARM
		{CDAA353D-06B5-475F-B2D9-47173A220A26}.Release|ARM.Build.0 = Release|ARM
		{CDAA353D-06B5-475F-B2D9-47173A220A26}.Release|x64.ActiveCfg = Release|x64
		{CDAA353D-06B5-475F-B2D9-47173A220A26}.Release|x64.Build.0 = Release|x64
		{CDAA353D-06B5-475F-B2D9-47173A220A26}.Release|x86.ActiveCfg = Release|x86
		{CDAA353D-06B5-475F-B2D9-47173A220A26}.Release|x86.Build.0 = Release|x86
		{338153B2-912E-4336-817C-AA19821E7166}.Debug|Any CPU.ActiveCfg = Debug|Any CPU
		{338153B2-912E-4336-817C-AA19821E7166}.Debug|Any CPU.Build.0 = Debug|Any CPU
		{338153B2-912E-4336-817C-AA19821E7166}.Debug|ARM.ActiveCfg = Debug|ARM
		{338153B2-912E-4336-817C-AA19821E7166}.Debug|ARM.Build.0 = Debug|ARM
		{338153B2-912E-4336-817C-AA19821E7166}.Debug|x64.ActiveCfg = Debug|x64
		{338153B2-912E-4336-817C-AA19821E7166}.Debug|x64.Build.0 = Debug|x64
		{338153B2-912E-4336-817C-AA19821E7166}.Debug|x86.ActiveCfg = Debug|x86
		{338153B2-912E-4336-817C-AA19821E7166}.Debug|x86.Build.0 = Debug|x86
		{338153B2-912E-4336-817C-AA19821E7166}.Release|Any CPU.ActiveCfg = Release|Any CPU
		{338153B2-912E-4336-817C-AA19821E7166}.Release|Any CPU.Build.0 = Release|Any CPU
		{338153B2-912E-4336-817C-AA19821E7166}.Release|ARM.ActiveCfg = Release|ARM
		{338153B2-912E-4336-817C-AA19821E7166}.Release|ARM.Build.0 = Release|ARM
		{338153B2-912E-4336-817C-AA19821E7166}.Release|x64.ActiveCfg = Release|x64
		{338153B2-912E-4336-817C-AA19821E7166}.Release|x64.Build.0 = Release|x64
		{338153B2-912E-4336-817C-AA19821E7166}.Release|x86.ActiveCfg = Release|x86
		{338153B2-912E-4336-817C-AA19821E7166}.Release|x86.Build.0 = Release|x86
		{C9E2AEF0-F136-4598-9503-A502BBF4EA51}.Debug|Any CPU.ActiveCfg = Debug|Any CPU
		{C9E2AEF0-F136-4598-9503-A502BBF4EA51}.Debug|Any CPU.Build.0 = Debug|Any CPU
		{C9E2AEF0-F136-4598-9503-A502BBF4EA51}.Debug|Any CPU.Deploy.0 = Debug|Any CPU
		{C9E2AEF0-F136-4598-9503-A502BBF4EA51}.Debug|ARM.ActiveCfg = Debug|ARM
		{C9E2AEF0-F136-4598-9503-A502BBF4EA51}.Debug|ARM.Build.0 = Debug|ARM
		{C9E2AEF0-F136-4598-9503-A502BBF4EA51}.Debug|ARM.Deploy.0 = Debug|ARM
		{C9E2AEF0-F136-4598-9503-A502BBF4EA51}.Debug|x64.ActiveCfg = Debug|x64
		{C9E2AEF0-F136-4598-9503-A502BBF4EA51}.Debug|x64.Build.0 = Debug|x64
		{C9E2AEF0-F136-4598-9503-A502BBF4EA51}.Debug|x64.Deploy.0 = Debug|x64
		{C9E2AEF0-F136-4598-9503-A502BBF4EA51}.Debug|x86.ActiveCfg = Debug|x86
		{C9E2AEF0-F136-4598-9503-A502BBF4EA51}.Debug|x86.Build.0 = Debug|x86
		{C9E2AEF0-F136-4598-9503-A502BBF4EA51}.Debug|x86.Deploy.0 = Debug|x86
		{C9E2AEF0-F136-4598-9503-A502BBF4EA51}.Release|Any CPU.ActiveCfg = Release|Any CPU
		{C9E2AEF0-F136-4598-9503-A502BBF4EA51}.Release|Any CPU.Build.0 = Release|Any CPU
		{C9E2AEF0-F136-4598-9503-A502BBF4EA51}.Release|Any CPU.Deploy.0 = Release|Any CPU
		{C9E2AEF0-F136-4598-9503-A502BBF4EA51}.Release|ARM.ActiveCfg = Release|ARM
		{C9E2AEF0-F136-4598-9503-A502BBF4EA51}.Release|ARM.Build.0 = Release|ARM
		{C9E2AEF0-F136-4598-9503-A502BBF4EA51}.Release|ARM.Deploy.0 = Release|ARM
		{C9E2AEF0-F136-4598-9503-A502BBF4EA51}.Release|x64.ActiveCfg = Release|x64
		{C9E2AEF0-F136-4598-9503-A502BBF4EA51}.Release|x64.Build.0 = Release|x64
		{C9E2AEF0-F136-4598-9503-A502BBF4EA51}.Release|x64.Deploy.0 = Release|x64
		{C9E2AEF0-F136-4598-9503-A502BBF4EA51}.Release|x86.ActiveCfg = Release|x86
		{C9E2AEF0-F136-4598-9503-A502BBF4EA51}.Release|x86.Build.0 = Release|x86
		{C9E2AEF0-F136-4598-9503-A502BBF4EA51}.Release|x86.Deploy.0 = Release|x86
	EndGlobalSection
	GlobalSection(SolutionProperties) = preSolution
		HideSolutionNode = FALSE
	EndGlobalSection
EndGlobal
